{
  "name": "scatool-test-project",
  "version": "1.0.0",
  "lockfileVersion": 3,
  "requires": true,
  "packages": {
    "": {
      "name": "scatool-test-project",
      "version": "1.0.0",
      "license": "ISC",
      "dependencies": {
        "emoji-datasource-apple": "^16.0.0"
      }
    },
    "node_modules/emoji-datasource-apple": {
      "version": "16.0.0",
      "resolved": "https://registry.npmjs.org/emoji-datasource-apple/-/emoji-datasource-apple-16.0.0.tgz",
      "integrity": "sha512-dVYjsK0FnCry9F+PBtnivhG2K0xdwlmqYaSgiUtztUdAGPYiHYhZcVKvNBqC791g2qyEcFNTBO6utg4eQ3uLTw==",
      "license": "MIT"
    }
  }
}
