{
  "name": "scatool-test-project",
  "version": "1.0.0",
  "lockfileVersion": 3,
  "requires": true,
  "packages": {
    "": {
      "name": "scatool-test-project",
      "version": "1.0.0",
      "license": "ISC",
      "dependencies": {
        "super-tiny-icons": "^0.6.0"
      }
    },
    "node_modules/opencollective-postinstall": {
      "version": "2.0.3",
      "resolved": "https://registry.npmjs.org/opencollective-postinstall/-/opencollective-postinstall-2.0.3.tgz",
      "integrity": "sha512-8AV/sCtuzUeTo8gQK5qDZzARrulB3egtLzFgteqB2tcT4Mw7B8Kt7JcDHmltjz6FOAHsvTevk70gZEbhM4ZS9Q==",
      "license": "MIT",
      "bin": {
        "opencollective-postinstall": "index.js"
      }
    },
    "node_modules/super-tiny-icons": {
      "version": "0.6.0",
      "resolved": "https://registry.npmjs.org/super-tiny-icons/-/super-tiny-icons-0.6.0.tgz",
      "integrity": "sha512-xJ7jIAO8qCnmXQBcHdBA4oSdvyiDM4aWX/mViWaLNhBnDE9/xwsKTakObdhEUs36JZ/rfzqI+Uc72LgnPxvPUw==",
      "hasInstallScript": true,
      "license": "MIT",
      "dependencies": {
        "opencollective-postinstall": "^2.0.2"
      }
    }
  }
}
